// !$*UTF8*$!
{
	archiveVersion = 1;
	classes = {
	};
	objectVersion = 55;
	objects = {

/* Begin PBXBuildFile section */
		082C871A27F16C9F009B0A4A /* AppDelegate.swift in Sources */ = {isa = PBXBuildFile; fileRef = 082C871927F16C9F009B0A4A /* AppDelegate.swift */; };
		082C871C27F16C9F009B0A4A /* SceneDelegate.swift in Sources */ = {isa = PBXBuildFile; fileRef = 082C871B27F16C9F009B0A4A /* SceneDelegate.swift */; };
		082C872127F16C9F009B0A4A /* Main.storyboard in Resources */ = {isa = PBXBuildFile; fileRef = 082C871F27F16C9F009B0A4A /* Main.storyboard */; };
		082C872327F16CA1009B0A4A /* Assets.xcassets in Resources */ = {isa = PBXBuildFile; fileRef = 082C872227F16CA1009B0A4A /* Assets.xcassets */; };
		082C872627F16CA1009B0A4A /* LaunchScreen.storyboard in Resources */ = {isa = PBXBuildFile; fileRef = 082C872427F16CA1009B0A4A /* LaunchScreen.storyboard */; };
		082C872E27F16CB3009B0A4A /* QuoteViewController.swift in Sources */ = {isa = PBXBuildFile; fileRef = 082C872D27F16CB3009B0A4A /* QuoteViewController.swift */; };
		082C873027F16CBB009B0A4A /* FavoritesViewController.swift in Sources */ = {isa = PBXBuildFile; fileRef = 082C872F27F16CBB009B0A4A /* FavoritesViewController.swift */; };
		082C873227F16CCF009B0A4A /* TabBarViewController.swift in Sources */ = {isa = PBXBuildFile; fileRef = 082C873127F16CCF009B0A4A /* TabBarViewController.swift */; };
		082C873527F16E55009B0A4A /* Quote.swift in Sources */ = {isa = PBXBuildFile; fileRef = 082C873427F16E55009B0A4A /* Quote.swift */; };
		082C873827F16E7E009B0A4A /* NetworkManager.swift in Sources */ = {isa = PBXBuildFile; fileRef = 082C873727F16E7E009B0A4A /* NetworkManager.swift */; };
/* End PBXBuildFile section */

/* Begin PBXFileReference section */
		082C871627F16C9F009B0A4A /* kanye-quotes.app */ = {isa = PBXFileReference; explicitFileType = wrapper.application; includeInIndex = 0; path = "kanye-quotes.app"; sourceTree = BUILT_PRODUCTS_DIR; };
		082C871927F16C9F009B0A4A /* AppDelegate.swift */ = {isa = PBXFileReference; lastKnownFileType = sourcecode.swift; path = AppDelegate.swift; sourceTree = "<group>"; };
		082C871B27F16C9F009B0A4A /* SceneDelegate.swift */ = {isa = PBXFileReference; lastKnownFileType = sourcecode.swift; path = SceneDelegate.swift; sourceTree = "<group>"; };
		082C872027F16C9F009B0A4A /* Base */ = {isa = PBXFileReference; lastKnownFileType = file.storyboard; name = Base; path = Base.lproj/Main.storyboard; sourceTree = "<group>"; };
		082C872227F16CA1009B0A4A /* Assets.xcassets */ = {isa = PBXFileReference; lastKnownFileType = folder.assetcatalog; path = Assets.xcassets; sourceTree = "<group>"; };
		082C872527F16CA1009B0A4A /* Base */ = {isa = PBXFileReference; lastKnownFileType = file.storyboard; name = Base; path = Base.lproj/LaunchScreen.storyboard; sourceTree = "<group>"; };
		082C872727F16CA1009B0A4A /* Info.plist */ = {isa = PBXFileReference; lastKnownFileType = text.plist.xml; path = Info.plist; sourceTree = "<group>"; };
		082C872D27F16CB3009B0A4A /* QuoteViewController.swift */ = {isa = PBXFileReference; lastKnownFileType = sourcecode.swift; path = QuoteViewController.swift; sourceTree = "<group>"; };
		082C872F27F16CBB009B0A4A /* FavoritesViewController.swift */ = {isa = PBXFileReference; lastKnownFileType = sourcecode.swift; path = FavoritesViewController.swift; sourceTree = "<group>"; };
		082C873127F16CCF009B0A4A /* TabBarViewController.swift */ = {isa = PBXFileReference; lastKnownFileType = sourcecode.swift; path = TabBarViewController.swift; sourceTree = "<group>"; };
		082C873427F16E55009B0A4A /* Quote.swift */ = {isa = PBXFileReference; lastKnownFileType = sourcecode.swift; path = Quote.swift; sourceTree = "<group>"; };
		082C873727F16E7E009B0A4A /* NetworkManager.swift */ = {isa = PBXFileReference; lastKnownFileType = sourcecode.swift; path = NetworkManager.swift; sourceTree = "<group>"; };
/* End PBXFileReference section */

/* Begin PBXFrameworksBuildPhase section */
		082C871327F16C9F009B0A4A /* Frameworks */ = {
			isa = PBXFrameworksBuildPhase;
			buildActionMask = 2147483647;
			files = (
			);
			runOnlyForDeploymentPostprocessing = 0;
		};
/* End PBXFrameworksBuildPhase section */

/* Begin PBXGroup section */
		082C870D27F16C9E009B0A4A = {
			isa = PBXGroup;
			children = (
				082C871827F16C9F009B0A4A /* kanye-quotes */,
				082C871727F16C9F009B0A4A /* Products */,
			);
			sourceTree = "<group>";
		};
		082C871727F16C9F009B0A4A /* Products */ = {
			isa = PBXGroup;
			children = (
				082C871627F16C9F009B0A4A /* kanye-quotes.app */,
			);
			name = Products;
			sourceTree = "<group>";
		};
		082C871827F16C9F009B0A4A /* kanye-quotes */ = {
			isa = PBXGroup;
			children = (
				082C873927F16E83009B0A4A /* Managers */,
				082C873627F16E59009B0A4A /* Models */,
				082C873327F16E45009B0A4A /* ViewControllers */,
				082C871927F16C9F009B0A4A /* AppDelegate.swift */,
				082C871B27F16C9F009B0A4A /* SceneDelegate.swift */,
				082C871F27F16C9F009B0A4A /* Main.storyboard */,
				082C872227F16CA1009B0A4A /* Assets.xcassets */,
				082C872427F16CA1009B0A4A /* LaunchScreen.storyboard */,
				082C872727F16CA1009B0A4A /* Info.plist */,
			);
			path = "kanye-quotes";
			sourceTree = "<group>";
		};
		082C873327F16E45009B0A4A /* ViewControllers */ = {
			isa = PBXGroup;
			children = (
				082C872D27F16CB3009B0A4A /* QuoteViewController.swift */,
				082C872F27F16CBB009B0A4A /* FavoritesViewController.swift */,
				082C873127F16CCF009B0A4A /* TabBarViewController.swift */,
			);
			path = ViewControllers;
			sourceTree = "<group>";
		};
		082C873627F16E59009B0A4A /* Models */ = {
			isa = PBXGroup;
			children = (
				082C873427F16E55009B0A4A /* Quote.swift */,
			);
			path = Models;
			sourceTree = "<group>";
		};
		082C873927F16E83009B0A4A /* Managers */ = {
			isa = PBXGroup;
			children = (
				082C873727F16E7E009B0A4A /* NetworkManager.swift */,
			);
			path = Managers;
			sourceTree = "<group>";
		};
/* End PBXGroup section */

/* Begin PBXNativeTarget section */
		082C871527F16C9F009B0A4A /* kanye-quotes */ = {
			isa = PBXNativeTarget;
			buildConfigurationList = 082C872A27F16CA1009B0A4A /* Build configuration list for PBXNativeTarget "kanye-quotes" */;
			buildPhases = (
				082C871227F16C9F009B0A4A /* Sources */,
				082C871327F16C9F009B0A4A /* Frameworks */,
				082C871427F16C9F009B0A4A /* Resources */,
			);
			buildRules = (
			);
			dependencies = (
			);
			name = "kanye-quotes";
			productName = "kanye-quotes";
			productReference = 082C871627F16C9F009B0A4A /* kanye-quotes.app */;
			productType = "com.apple.product-type.application";
		};
/* End PBXNativeTarget section */

/* Begin PBXProject section */
		082C870E27F16C9E009B0A4A /* Project object */ = {
			isa = PBXProject;
			attributes = {
				BuildIndependentTargetsInParallel = 1;
				LastSwiftUpdateCheck = 1320;
				LastUpgradeCheck = 1320;
				TargetAttributes = {
					082C871527F16C9F009B0A4A = {
						CreatedOnToolsVersion = 13.2.1;
					};
				};
			};
			buildConfigurationList = 082C871127F16C9E009B0A4A /* Build configuration list for PBXProject "kanye-quotes" */;
			compatibilityVersion = "Xcode 13.0";
			developmentRegion = en;
			hasScannedForEncodings = 0;
			knownRegions = (
				en,
				Base,
			);
			mainGroup = 082C870D27F16C9E009B0A4A;
			productRefGroup = 082C871727F16C9F009B0A4A /* Products */;
			projectDirPath = "";
			projectRoot = "";
			targets = (
				082C871527F16C9F009B0A4A /* kanye-quotes */,
			);
		};
/* End PBXProject section */

/* Begin PBXResourcesBuildPhase section */
		082C871427F16C9F009B0A4A /* Resources */ = {
			isa = PBXResourcesBuildPhase;
			buildActionMask = 2147483647;
			files = (
				082C872627F16CA1009B0A4A /* LaunchScreen.storyboard in Resources */,
				082C872327F16CA1009B0A4A /* Assets.xcassets in Resources */,
				082C872127F16C9F009B0A4A /* Main.storyboard in Resources */,
			);
			runOnlyForDeploymentPostprocessing = 0;
		};
/* End PBXResourcesBuildPhase section */

/* Begin PBXSourcesBuildPhase section */
		082C871227F16C9F009B0A4A /* Sources */ = {
			isa = PBXSourcesBuildPhase;
			buildActionMask = 2147483647;
			files = (
				082C872E27F16CB3009B0A4A /* QuoteViewController.swift in Sources */,
				082C871A27F16C9F009B0A4A /* AppDelegate.swift in Sources */,
				082C873027F16CBB009B0A4A /* FavoritesViewController.swift in Sources */,
				082C873827F16E7E009B0A4A /* NetworkManager.swift in Sources */,
				082C873227F16CCF009B0A4A /* TabBarViewController.swift in Sources */,
				082C873527F16E55009B0A4A /* Quote.swift in Sources */,
				082C871C27F16C9F009B0A4A /* SceneDelegate.swift in Sources */,
			);
			runOnlyForDeploymentPostprocessing = 0;
		};
/* End PBXSourcesBuildPhase section */

/* Begin PBXVariantGroup section */
		082C871F27F16C9F009B0A4A /* Main.storyboard */ = {
			isa = PBXVariantGroup;
			children = (
				082C872027F16C9F009B0A4A /* Base */,
			);
			name = Main.storyboard;
			sourceTree = "<group>";
		};
		082C872427F16CA1009B0A4A /* LaunchScreen.storyboard */ = {
			isa = PBXVariantGroup;
			children = (
				082C872527F16CA1009B0A4A /* Base */,
			);
			name = LaunchScreen.storyboard;
			sourceTree = "<group>";
		};
/* End PBXVariantGroup section */

/* Begin XCBuildConfiguration section */
		082C872827F16CA1009B0A4A /* Debug */ = {
			isa = XCBuildConfiguration;
			buildSettings = {
				ALWAYS_SEARCH_USER_PATHS = NO;
				CLANG_ANALYZER_NONNULL = YES;
				CLANG_ANALYZER_NUMBER_OBJECT_CONVERSION = YES_AGGRESSIVE;
				CLANG_CXX_LANGUAGE_STANDARD = "gnu++17";
				CLANG_CXX_LIBRARY = "libc++";
				CLANG_ENABLE_MODULES = YES;
				CLANG_ENABLE_OBJC_ARC = YES;
				CLANG_ENABLE_OBJC_WEAK = YES;
				CLANG_WARN_BLOCK_CAPTURE_AUTORELEASING = YES;
				CLANG_WARN_BOOL_CONVERSION = YES;
				CLANG_WARN_COMMA = YES;
				CLANG_WARN_CONSTANT_CONVERSION = YES;
				CLANG_WARN_DEPRECATED_OBJC_IMPLEMENTATIONS = YES;
				CLANG_WARN_DIRECT_OBJC_ISA_USAGE = YES_ERROR;
				CLANG_WARN_DOCUMENTATION_COMMENTS = YES;
				CLANG_WARN_EMPTY_BODY = YES;
				CLANG_WARN_ENUM_CONVERSION = YES;
				CLANG_WARN_INFINITE_RECURSION = YES;
				CLANG_WARN_INT_CONVERSION = YES;
				CLANG_WARN_NON_LITERAL_NULL_CONVERSION = YES;
				CLANG_WARN_OBJC_IMPLICIT_RETAIN_SELF = YES;
				CLANG_WARN_OBJC_LITERAL_CONVERSION = YES;
				CLANG_WARN_OBJC_ROOT_CLASS = YES_ERROR;
				CLANG_WARN_QUOTED_INCLUDE_IN_FRAMEWORK_HEADER = YES;
				CLANG_WARN_RANGE_LOOP_ANALYSIS = YES;
				CLANG_WARN_STRICT_PROTOTYPES = YES;
				CLANG_WARN_SUSPICIOUS_MOVE = YES;
				CLANG_WARN_UNGUARDED_AVAILABILITY = YES_AGGRESSIVE;
				CLANG_WARN_UNREACHABLE_CODE = YES;
				CLANG_WARN__DUPLICATE_METHOD_MATCH = YES;
				COPY_PHASE_STRIP = NO;
				DEBUG_INFORMATION_FORMAT = dwarf;
				ENABLE_STRICT_OBJC_MSGSEND = YES;
				ENABLE_TESTABILITY = YES;
				GCC_C_LANGUAGE_STANDARD = gnu11;
				GCC_DYNAMIC_NO_PIC = NO;
				GCC_NO_COMMON_BLOCKS = YES;
				GCC_OPTIMIZATION_LEVEL = 0;
				GCC_PREPROCESSOR_DEFINITIONS = (
					"DEBUG=1",
					"$(inherited)",
				);
				GCC_WARN_64_TO_32_BIT_CONVERSION = YES;
				GCC_WARN_ABOUT_RETURN_TYPE = YES_ERROR;
				GCC_WARN_UNDECLARED_SELECTOR = YES;
				GCC_WARN_UNINITIALIZED_AUTOS = YES_AGGRESSIVE;
				GCC_WARN_UNUSED_FUNCTION = YES;
				GCC_WARN_UNUSED_VARIABLE = YES;
				IPHONEOS_DEPLOYMENT_TARGET = 15.2;
				MTL_ENABLE_DEBUG_INFO = INCLUDE_SOURCE;
				MTL_FAST_MATH = YES;
				ONLY_ACTIVE_ARCH = YES;
				SDKROOT = iphoneos;
				SWIFT_ACTIVE_COMPILATION_CONDITIONS = DEBUG;
				SWIFT_OPTIMIZATION_LEVEL = "-Onone";
			};
			name = Debug;
		};
		082C872927F16CA1009B0A4A /* Release */ = {
			isa = XCBuildConfiguration;
			buildSettings = {
				ALWAYS_SEARCH_USER_PATHS = NO;
				CLANG_ANALYZER_NONNULL = YES;
				CLANG_ANALYZER_NUMBER_OBJECT_CONVERSION = YES_AGGRESSIVE;
				CLANG_CXX_LANGUAGE_STANDARD = "gnu++17";
				CLANG_CXX_LIBRARY = "libc++";
				CLANG_ENABLE_MODULES = YES;
				CLANG_ENABLE_OBJC_ARC = YES;
				CLANG_ENABLE_OBJC_WEAK = YES;
				CLANG_WARN_BLOCK_CAPTURE_AUTORELEASING = YES;
				CLANG_WARN_BOOL_CONVERSION = YES;
				CLANG_WARN_COMMA = YES;
				CLANG_WARN_CONSTANT_CONVERSION = YES;
				CLANG_WARN_DEPRECATED_OBJC_IMPLEMENTATIONS = YES;
				CLANG_WARN_DIRECT_OBJC_ISA_USAGE = YES_ERROR;
				CLANG_WARN_DOCUMENTATION_COMMENTS = YES;
				CLANG_WARN_EMPTY_BODY = YES;
				CLANG_WARN_ENUM_CONVERSION = YES;
				CLANG_WARN_INFINITE_RECURSION = YES;
				CLANG_WARN_INT_CONVERSION = YES;
				CLANG_WARN_NON_LITERAL_NULL_CONVERSION = YES;
				CLANG_WARN_OBJC_IMPLICIT_RETAIN_SELF = YES;
				CLANG_WARN_OBJC_LITERAL_CONVERSION = YES;
				CLANG_WARN_OBJC_ROOT_CLASS = YES_ERROR;
				CLANG_WARN_QUOTED_INCLUDE_IN_FRAMEWORK_HEADER = YES;
				CLANG_WARN_RANGE_LOOP_ANALYSIS = YES;
				CLANG_WARN_STRICT_PROTOTYPES = YES;
				CLANG_WARN_SUSPICIOUS_MOVE = YES;
				CLANG_WARN_UNGUARDED_AVAILABILITY = YES_AGGRESSIVE;
				CLANG_WARN_UNREACHABLE_CODE = YES;
				CLANG_WARN__DUPLICATE_METHOD_MATCH = YES;
				COPY_PHASE_STRIP = NO;
				DEBUG_INFORMATION_FORMAT = "dwarf-with-dsym";
				ENABLE_NS_ASSERTIONS = NO;
				ENABLE_STRICT_OBJC_MSGSEND = YES;
				GCC_C_LANGUAGE_STANDARD = gnu11;
				GCC_NO_COMMON_BLOCKS = YES;
				GCC_WARN_64_TO_32_BIT_CONVERSION = YES;
				GCC_WARN_ABOUT_RETURN_TYPE = YES_ERROR;
				GCC_WARN_UNDECLARED_SELECTOR = YES;
				GCC_WARN_UNINITIALIZED_AUTOS = YES_AGGRESSIVE;
				GCC_WARN_UNUSED_FUNCTION = YES;
				GCC_WARN_UNUSED_VARIABLE = YES;
				IPHONEOS_DEPLOYMENT_TARGET = 15.2;
				MTL_ENABLE_DEBUG_INFO = NO;
				MTL_FAST_MATH = YES;
				SDKROOT = iphoneos;
				SWIFT_COMPILATION_MODE = wholemodule;
				SWIFT_OPTIMIZATION_LEVEL = "-O";
				VALIDATE_PRODUCT = YES;
			};
			name = Release;
		};
		082C872B27F16CA1009B0A4A /* Debug */ = {
			isa = XCBuildConfiguration;
			buildSettings = {
				ASSETCATALOG_COMPILER_APPICON_NAME = AppIcon;
				ASSETCATALOG_COMPILER_GLOBAL_ACCENT_COLOR_NAME = AccentColor;
				CODE_SIGN_STYLE = Automatic;
				CURRENT_PROJECT_VERSION = 1;
				GENERATE_INFOPLIST_FILE = YES;
				INFOPLIST_FILE = "kanye-quotes/Info.plist";
				INFOPLIST_KEY_UIApplicationSupportsIndirectInputEvents = YES;
				INFOPLIST_KEY_UILaunchStoryboardName = LaunchScreen;
				INFOPLIST_KEY_UIMainStoryboardFile = Main;
				INFOPLIST_KEY_UISupportedInterfaceOrientations_iPad = "UIInterfaceOrientationPortrait UIInterfaceOrientationPortraitUpsideDown UIInterfaceOrientationLandscapeLeft UIInterfaceOrientationLandscapeRight";
				INFOPLIST_KEY_UISupportedInterfaceOrientations_iPhone = "UIInterfaceOrientationPortrait UIInterfaceOrientationLandscapeLeft UIInterfaceOrientationLandscapeRight";
				LD_RUNPATH_SEARCH_PATHS = (
					"$(inherited)",
					"@executable_path/Frameworks",
				);
				MARKETING_VERSION = 1.0;
				PRODUCT_BUNDLE_IDENTIFIER = "npappas.kanye-quotes";
				PRODUCT_NAME = "$(TARGET_NAME)";
				SWIFT_EMIT_LOC_STRINGS = YES;
				SWIFT_VERSION = 5.0;
				TARGETED_DEVICE_FAMILY = "1,2";
			};
			name = Debug;
		};
		082C872C27F16CA1009B0A4A /* Release */ = {
			isa = XCBuildConfiguration;
			buildSettings = {
				ASSETCATALOG_COMPILER_APPICON_NAME = AppIcon;
				ASSETCATALOG_COMPILER_GLOBAL_ACCENT_COLOR_NAME = AccentColor;
				CODE_SIGN_STYLE = Automatic;
				CURRENT_PROJECT_VERSION = 1;
				GENERATE_INFOPLIST_FILE = YES;
				INFOPLIST_FILE = "kanye-quotes/Info.plist";
				INFOPLIST_KEY_UIApplicationSupportsIndirectInputEvents = YES;
				INFOPLIST_KEY_UILaunchStoryboardName = LaunchScreen;
				INFOPLIST_KEY_UIMainStoryboardFile = Main;
				INFOPLIST_KEY_UISupportedInterfaceOrientations_iPad = "UIInterfaceOrientationPortrait UIInterfaceOrientationPortraitUpsideDown UIInterfaceOrientationLandscapeLeft UIInterfaceOrientationLandscapeRight";
				INFOPLIST_KEY_UISupportedInterfaceOrientations_iPhone = "UIInterfaceOrientationPortrait UIInterfaceOrientationLandscapeLeft UIInterfaceOrientationLandscapeRight";
				LD_RUNPATH_SEARCH_PATHS = (
					"$(inherited)",
					"@executable_path/Frameworks",
				);
				MARKETING_VERSION = 1.0;
				PRODUCT_BUNDLE_IDENTIFIER = "npappas.kanye-quotes";
				PRODUCT_NAME = "$(TARGET_NAME)";
				SWIFT_EMIT_LOC_STRINGS = YES;
				SWIFT_VERSION = 5.0;
				TARGETED_DEVICE_FAMILY = "1,2";
			};
			name = Release;
		};
/* End XCBuildConfiguration section */

/* Begin XCConfigurationList section */
		082C871127F16C9E009B0A4A /* Build configuration list for PBXProject "kanye-quotes" */ = {
			isa = XCConfigurationList;
			buildConfigurations = (
				082C872827F16CA1009B0A4A /* Debug */,
				082C872927F16CA1009B0A4A /* Release */,
			);
			defaultConfigurationIsVisible = 0;
			defaultConfigurationName = Release;
		};
		082C872A27F16CA1009B0A4A /* Build configuration list for PBXNativeTarget "kanye-quotes" */ = {
			isa = XCConfigurationList;
			buildConfigurations = (
				082C872B27F16CA1009B0A4A /* Debug */,
				082C872C27F16CA1009B0A4A /* Release */,
			);
			defaultConfigurationIsVisible = 0;
			defaultConfigurationName = Release;
		};
/* End XCConfigurationList section */
	};
	rootObject = 082C870E27F16C9E009B0A4A /* Project object */;
}
